# THIS IS AN AUTOGENERATED FILE. DO NOT EDIT THIS FILE DIRECTLY.
# yarn lockfile v1


"@tauri-apps/api@^1.2.0":
  version "1.2.0"
  resolved "https://registry.npmjs.org/@tauri-apps/api/-/api-1.2.0.tgz"
  integrity sha512-lsI54KI6HGf7VImuf/T9pnoejfgkNoXveP14pVV7XarrQ46rOejIVJLFqHI9sRReJMGdh2YuCoI3cc/yCWCsrw==

"@types/codemirror@^5.60.4":
  version "5.60.4"
  resolved "https://registry.npmjs.org/@types/codemirror/-/codemirror-5.60.4.tgz"
  integrity sha512-SUQgBj9jZ+xj75zgwfgQZt0CManWBISN/YsE0xRmPwO6uDyLNpXO8bn2m59tpevsFw+eQdmx+qY1WjOrUgMDgw==
  dependencies:
    "@types/tern" "*"

"@types/crypto-js@^4.0.2":
  version "4.0.2"
  resolved "https://registry.npmjs.org/@types/crypto-js/-/crypto-js-4.0.2.tgz"
  integrity sha512-sCVniU+h3GcGqxOmng11BRvf9TfN9yIs8KKjB8C8d75W69cpTfZG80gau9yTx5SxF3gvHGbJhdESzzvnjtf3Og==

"@types/dompurify@^2.3.2":
  version "2.3.2"
  resolved "https://registry.npmjs.org/@types/dompurify/-/dompurify-2.3.2.tgz"
  integrity sha512-iht/O0jie/hDur39Z1NzjfOT/O9Kn2aWY99aqOn7lwsjSttEoMyGWvZIuAzZy0cNvAZdjmqySp7Z4d3GfBEGQw==
  dependencies:
    "@types/trusted-types" "*"

"@types/estree@*":
  version "0.0.50"
  resolved "https://registry.npmjs.org/@types/estree/-/estree-0.0.50.tgz"
  integrity sha512-C6N5s2ZFtuZRj54k2/zyRhNDjJwwcViAM3Nbm8zjBpbqAdZ00mr0CFxvSKeO8Y/e03WVFLpQMdHYVfUd6SB+Hw==

"@types/marked@^4.0.1":
  version "4.0.1"
  resolved "https://registry.npmjs.org/@types/marked/-/marked-4.0.1.tgz"
  integrity sha512-ZigEmCWdNUU7IjZEuQ/iaimYdDHWHfTe3kg8ORfKjyGYd9RWumPoOJRQXB0bO+XLkNwzCthW3wUIQtANaEZ1ag==

"@types/tern@*":
  version "0.23.4"
  resolved "https://registry.npmjs.org/@types/tern/-/tern-0.23.4.tgz"
  integrity sha512-JAUw1iXGO1qaWwEOzxTKJZ/5JxVeON9kvGZ/osgZaJImBnyjyn0cjovPsf6FNLmyGY8Vw9DoXZCMlfMkMwHRWg==
  dependencies:
    "@types/estree" "*"

"@types/trusted-types@*":
  version "2.0.2"
  resolved "https://registry.npmjs.org/@types/trusted-types/-/trusted-types-2.0.2.tgz"
  integrity sha512-F5DIZ36YVLE+PN+Zwws4kJogq47hNgX3Nx6WyDJ3kcplxyke3XIzB8uK5n/Lpm1HBsbGzd6nmGehL8cPekP+Tg==

campfire.js@^2.3.1:
  version "2.3.1"
  resolved "https://registry.npmjs.org/campfire.js/-/campfire.js-2.3.1.tgz"
  integrity sha512-RZE0g9nynk3sAVH2E1NMJDGYd9iJhmpf3MiOHK43+sIwzjnz8+Bh7uKm4pu0swY3d/SM/pwe0LCKYg0fs6hWlg==

codemirror@^5.63.1:
  version "5.63.1"
  resolved "https://registry.npmjs.org/codemirror/-/codemirror-5.63.1.tgz"
  integrity sha512-baivaNZreZOGh1/tYyTvCupC9NeWk7qlZeGUDi4nFKj/J0JU8FYKZND4QqLw70P7HOttlCt4JJAOj9GoIhHEkA==

crypto-js@^4.1.1:
  version "4.1.1"
  resolved "https://registry.npmjs.org/crypto-js/-/crypto-js-4.1.1.tgz"
  integrity sha512-o2JlM7ydqd3Qk9CA0L4NL6mTzU2sdx96a+oOfPu8Mkl/PK51vSyoi8/rQ8NknZtk44vq15lmhAj9CIAGwgeWKw==

dompurify@^2.3.4:
  version "2.3.4"
  resolved "https://registry.npmjs.org/dompurify/-/dompurify-2.3.4.tgz"
  integrity sha512-6BVcgOAVFXjI0JTjEvZy901Rghm+7fDQOrNIcxB4+gdhj6Kwp6T9VBhBY/AbagKHJocRkDYGd6wvI+p4/10xtQ==

esbuild-linux-64@0.13.4:
  version "0.13.4"
  resolved "https://registry.npmjs.org/esbuild-linux-64/-/esbuild-linux-64-0.13.4.tgz"
  integrity sha512-+RnohAKiiUW4UHLGRkNR1AnENW1gCuDWuygEtd4jxTNPIoeC7lbXGor7rtgjj9AdUzFgOEvAXyNNX01kJ8NueQ==

esbuild@^0.13.4:
  version "0.13.4"
  resolved "https://registry.npmjs.org/esbuild/-/esbuild-0.13.4.tgz"
  integrity sha512-wMA5eUwpavTBiNl+It6j8OQuKVh69l6z4DKDLzoTIqC+gChnPpcmqdA8WNHptUHRnfyML+mKEQPlW7Mybj8gHg==
  optionalDependencies:
    esbuild-android-arm64 "0.13.4"
    esbuild-darwin-64 "0.13.4"
    esbuild-darwin-arm64 "0.13.4"
    esbuild-freebsd-64 "0.13.4"
    esbuild-freebsd-arm64 "0.13.4"
    esbuild-linux-32 "0.13.4"
    esbuild-linux-64 "0.13.4"
    esbuild-linux-arm "0.13.4"
    esbuild-linux-arm64 "0.13.4"
    esbuild-linux-mips64le "0.13.4"
    esbuild-linux-ppc64le "0.13.4"
    esbuild-openbsd-64 "0.13.4"
    esbuild-sunos-64 "0.13.4"
    esbuild-windows-32 "0.13.4"
    esbuild-windows-64 "0.13.4"
    esbuild-windows-arm64 "0.13.4"

macrolight@^1.4.1:
  version "1.4.1"
  resolved "https://registry.npmjs.org/macrolight/-/macrolight-1.4.1.tgz"
  integrity sha512-JLn+QftsDEnFabNPiLtKXtApDTYQwfOMNELGyeGMctMN8ZVs1Jo2VON9dwRNX5Hfv/TmpWZJWyMvg3uXpVzpCw==

marked@^4.0:
  version "4.0.7"
  resolved "https://registry.npmjs.org/marked/-/marked-4.0.7.tgz"
  integrity sha512-mQrRvV2vRk7DHZsWsYJfAjmBo+lSYPhTJPThaaGpkEfmC+4oefeug2txZniQTieDS0CFpokfVhd7JuS5GtnHhA==
